
Microsoft Visual Studio Solution File, Format Version 12.00
# Visual Studio 15
VisualStudioVersion = 15.0.27703.2035
MinimumVisualStudioVersion = 10.0.40219.1
Project("{FAE04EC0-301F-11D3-BF4B-00C04F79EFBC}") = "pav.tictactoe.Android", "pav.tictactoe\pav.tictactoe.Android\pav.tictactoe.Android.csproj", "{3EB18BA9-9C37-455E-B619-A29FBF323EAA}"
EndProject
Project("{FAE04EC0-301F-11D3-BF4B-00C04F79EFBC}") = "pav.tictactoe.iOS", "pav.tictactoe\pav.tictactoe.iOS\pav.tictactoe.iOS.csproj", "{72B20FBD-ADBC-4A95-8872-FE06A2A49EE3}"
EndProject
Project("{FAE04EC0-301F-11D3-BF4B-00C04F79EFBC}") = "pav.tictactoe.UWP", "pav.tictactoe\pav.tictactoe.UWP\pav.tictactoe.UWP.csproj", "{7CD4B4A4-18F8-4B3A-812A-1DCB6CD3CCCD}"
EndProject
Project("{FAE04EC0-301F-11D3-BF4B-00C04F79EFBC}") = "pav.tictactoe", "pav.tictactoe\pav.tictactoe\pav.tictactoe.csproj", "{DAE7CE2C-FBED-4155-94AD-CE302C89C2FF}"
EndProject
Global
	GlobalSection(SolutionConfigurationPlatforms) = preSolution
		Ad-Hoc|Any CPU = Ad-Hoc|Any CPU
		Ad-Hoc|ARM = Ad-Hoc|ARM
		Ad-Hoc|iPhone = Ad-Hoc|iPhone
		Ad-Hoc|iPhoneSimulator = Ad-Hoc|iPhoneSimulator
		Ad-Hoc|x64 = Ad-Hoc|x64
		Ad-Hoc|x86 = Ad-Hoc|x86
		AppStore|Any CPU = AppStore|Any CPU
		AppStore|ARM = AppStore|ARM
		AppStore|iPhone = AppStore|iPhone
		AppStore|iPhoneSimulator = AppStore|iPhoneSimulator
		AppStore|x64 = AppStore|x64
		AppStore|x86 = AppStore|x86
		Debug|Any CPU = Debug|Any CPU
		Debug|ARM = Debug|ARM
		Debug|iPhone = Debug|iPhone
		Debug|iPhoneSimulator = Debug|iPhoneSimulator
		Debug|x64 = Debug|x64
		Debug|x86 = Debug|x86
		Release|Any CPU = Release|Any CPU
		Release|ARM = Release|ARM
		Release|iPhone = Release|iPhone
		Release|iPhoneSimulator = Release|iPhoneSimulator
		Release|x64 = Release|x64
		Release|x86 = Release|x86
	EndGlobalSection
	GlobalSection(ProjectConfigurationPlatforms) = postSolution
		{3EB18BA9-9C37-455E-B619-A29FBF323EAA}.Ad-Hoc|Any CPU.ActiveCfg = Release|Any CPU
		{3EB18BA9-9C37-455E-B619-A29FBF323EAA}.Ad-Hoc|Any CPU.Build.0 = Release|Any CPU
		{3EB18BA9-9C37-455E-B619-A29FBF323EAA}.Ad-Hoc|Any CPU.Deploy.0 = Release|Any CPU
		{3EB18BA9-9C37-455E-B619-A29FBF323EAA}.Ad-Hoc|ARM.ActiveCfg = Release|Any CPU
		{3EB18BA9-9C37-455E-B619-A29FBF323EAA}.Ad-Hoc|ARM.Build.0 = Release|Any CPU
		{3EB18BA9-9C37-455E-B619-A29FBF323EAA}.Ad-Hoc|ARM.Deploy.0 = Release|Any CPU
		{3EB18BA9-9C37-455E-B619-A29FBF323EAA}.Ad-Hoc|iPhone.ActiveCfg = Release|Any CPU
		{3EB18BA9-9C37-455E-B619-A29FBF323EAA}.Ad-Hoc|iPhone.Build.0 = Release|Any CPU
		{3EB18BA9-9C37-455E-B619-A29FBF323EAA}.Ad-Hoc|iPhone.Deploy.0 = Release|Any CPU
		{3EB18BA9-9C37-455E-B619-A29FBF323EAA}.Ad-Hoc|iPhoneSimulator.ActiveCfg = Release|Any CPU
		{3EB18BA9-9C37-455E-B619-A29FBF323EAA}.Ad-Hoc|iPhoneSimulator.Build.0 = Release|Any CPU
		{3EB18BA9-9C37-455E-B619-A29FBF323EAA}.Ad-Hoc|iPhoneSimulator.Deploy.0 = Release|Any CPU
		{3EB18BA9-9C37-455E-B619-A29FBF323EAA}.Ad-Hoc|x64.ActiveCfg = Release|Any CPU
		{3EB18BA9-9C37-455E-B619-A29FBF323EAA}.Ad-Hoc|x64.Build.0 = Release|Any CPU
		{3EB18BA9-9C37-455E-B619-A29FBF323EAA}.Ad-Hoc|x64.Deploy.0 = Release|Any CPU
		{3EB18BA9-9C37-455E-B619-A29FBF323EAA}.Ad-Hoc|x86.ActiveCfg = Release|Any CPU
		{3EB18BA9-9C37-455E-B619-A29FBF323EAA}.Ad-Hoc|x86.Build.0 = Release|Any CPU
		{3EB18BA9-9C37-455E-B619-A29FBF323EAA}.Ad-Hoc|x86.Deploy.0 = Release|Any CPU
		{3EB18BA9-9C37-455E-B619-A29FBF323EAA}.AppStore|Any CPU.ActiveCfg = Release|Any CPU
		{3EB18BA9-9C37-455E-B619-A29FBF323EAA}.AppStore|Any CPU.Build.0 = Release|Any CPU
		{3EB18BA9-9C37-455E-B619-A29FBF323EAA}.AppStore|Any CPU.Deploy.0 = Release|Any CPU
		{3EB18BA9-9C37-455E-B619-A29FBF323EAA}.AppStore|ARM.ActiveCfg = Release|Any CPU
		{3EB18BA9-9C37-455E-B619-A29FBF323EAA}.AppStore|ARM.Build.0 = Release|Any CPU
		{3EB18BA9-9C37-455E-B619-A29FBF323EAA}.AppStore|ARM.Deploy.0 = Release|Any CPU
		{3EB18BA9-9C37-455E-B619-A29FBF323EAA}.AppStore|iPhone.ActiveCfg = Release|Any CPU
		{3EB18BA9-9C37-455E-B619-A29FBF323EAA}.AppStore|iPhone.Build.0 = Release|Any CPU
		{3EB18BA9-9C37-455E-B619-A29FBF323EAA}.AppStore|iPhone.Deploy.0 = Release|Any CPU
		{3EB18BA9-9C37-455E-B619-A29FBF323EAA}.AppStore|iPhoneSimulator.ActiveCfg = Release|Any CPU
		{3EB18BA9-9C37-455E-B619-A29FBF323EAA}.AppStore|iPhoneSimulator.Build.0 = Release|Any CPU
		{3EB18BA9-9C37-455E-B619-A29FBF323EAA}.AppStore|iPhoneSimulator.Deploy.0 = Release|Any CPU
		{3EB18BA9-9C37-455E-B619-A29FBF323EAA}.AppStore|x64.ActiveCfg = Release|Any CPU
		{3EB18BA9-9C37-455E-B619-A29FBF323EAA}.AppStore|x64.Build.0 = Release|Any CPU
		{3EB18BA9-9C37-455E-B619-A29FBF323EAA}.AppStore|x64.Deploy.0 = Release|Any CPU
		{3EB18BA9-9C37-455E-B619-A29FBF323EAA}.AppStore|x86.ActiveCfg = Release|Any CPU
		{3EB18BA9-9C37-455E-B619-A29FBF323EAA}.AppStore|x86.Build.0 = Release|Any CPU
		{3EB18BA9-9C37-455E-B619-A29FBF323EAA}.AppStore|x86.Deploy.0 = Release|Any CPU
		{3EB18BA9-9C37-455E-B619-A29FBF323EAA}.Debug|Any CPU.ActiveCfg = Debug|Any CPU
		{3EB18BA9-9C37-455E-B619-A29FBF323EAA}.Debug|Any CPU.Build.0 = Debug|Any CPU
		{3EB18BA9-9C37-455E-B619-A29FBF323EAA}.Debug|Any CPU.Deploy.0 = Debug|Any CPU
		{3EB18BA9-9C37-455E-B619-A29FBF323EAA}.Debug|ARM.ActiveCfg = Debug|Any CPU
		{3EB18BA9-9C37-455E-B619-A29FBF323EAA}.Debug|ARM.Build.0 = Debug|Any CPU
		{3EB18BA9-9C37-455E-B619-A29FBF323EAA}.Debug|ARM.Deploy.0 = Debug|Any CPU
		{3EB18BA9-9C37-455E-B619-A29FBF323EAA}.Debug|iPhone.ActiveCfg = Debug|Any CPU
		{3EB18BA9-9C37-455E-B619-A29FBF323EAA}.Debug|iPhone.Build.0 = Debug|Any CPU
		{3EB18BA9-9C37-455E-B619-A29FBF323EAA}.Debug|iPhone.Deploy.0 = Debug|Any CPU
		{3EB18BA9-9C37-455E-B619-A29FBF323EAA}.Debug|iPhoneSimulator.ActiveCfg = Debug|Any CPU
		{3EB18BA9-9C37-455E-B619-A29FBF323EAA}.Debug|iPhoneSimulator.Build.0 = Debug|Any CPU
		{3EB18BA9-9C37-455E-B619-A29FBF323EAA}.Debug|iPhoneSimulator.Deploy.0 = Debug|Any CPU
		{3EB18BA9-9C37-455E-B619-A29FBF323EAA}.Debug|x64.ActiveCfg = Debug|Any CPU
		{3EB18BA9-9C37-455E-B619-A29FBF323EAA}.Debug|x64.Build.0 = Debug|Any CPU
		{3EB18BA9-9C37-455E-B619-A29FBF323EAA}.Debug|x64.Deploy.0 = Debug|Any CPU
		{3EB18BA9-9C37-455E-B619-A29FBF323EAA}.Debug|x86.ActiveCfg = Debug|Any CPU
		{3EB18BA9-9C37-455E-B619-A29FBF323EAA}.Debug|x86.Build.0 = Debug|Any CPU
		{3EB18BA9-9C37-455E-B619-A29FBF323EAA}.Debug|x86.Deploy.0 = Debug|Any CPU
		{3EB18BA9-9C37-455E-B619-A29FBF323EAA}.Release|Any CPU.ActiveCfg = Release|Any CPU
		{3EB18BA9-9C37-455E-B619-A29FBF323EAA}.Release|Any CPU.Build.0 = Release|Any CPU
		{3EB18BA9-9C37-455E-B619-A29FBF323EAA}.Release|Any CPU.Deploy.0 = Release|Any CPU
		{3EB18BA9-9C37-455E-B619-A29FBF323EAA}.Release|ARM.ActiveCfg = Release|Any CPU
		{3EB18BA9-9C37-455E-B619-A29FBF323EAA}.Release|ARM.Build.0 = Release|Any CPU
		{3EB18BA9-9C37-455E-B619-A29FBF323EAA}.Release|ARM.Deploy.0 = Release|Any CPU
		{3EB18BA9-9C37-455E-B619-A29FBF323EAA}.Release|iPhone.ActiveCfg = Release|Any CPU
		{3EB18BA9-9C37-455E-B619-A29FBF323EAA}.Release|iPhone.Build.0 = Release|Any CPU
		{3EB18BA9-9C37-455E-B619-A29FBF323EAA}.Release|iPhone.Deploy.0 = Release|Any CPU
		{3EB18BA9-9C37-455E-B619-A29FBF323EAA}.Release|iPhoneSimulator.ActiveCfg = Release|Any CPU
		{3EB18BA9-9C37-455E-B619-A29FBF323EAA}.Release|iPhoneSimulator.Build.0 = Release|Any CPU
		{3EB18BA9-9C37-455E-B619-A29FBF323EAA}.Release|iPhoneSimulator.Deploy.0 = Release|Any CPU
		{3EB18BA9-9C37-455E-B619-A29FBF323EAA}.Release|x64.ActiveCfg = Release|Any CPU
		{3EB18BA9-9C37-455E-B619-A29FBF323EAA}.Release|x64.Build.0 = Release|Any CPU
		{3EB18BA9-9C37-455E-B619-A29FBF323EAA}.Release|x64.Deploy.0 = Release|Any CPU
		{3EB18BA9-9C37-455E-B619-A29FBF323EAA}.Release|x86.ActiveCfg = Release|Any CPU
		{3EB18BA9-9C37-455E-B619-A29FBF323EAA}.Release|x86.Build.0 = Release|Any CPU
		{3EB18BA9-9C37-455E-B619-A29FBF323EAA}.Release|x86.Deploy.0 = Release|Any CPU
		{72B20FBD-ADBC-4A95-8872-FE06A2A49EE3}.Ad-Hoc|Any CPU.ActiveCfg = Ad-Hoc|iPhone
		{72B20FBD-ADBC-4A95-8872-FE06A2A49EE3}.Ad-Hoc|Any CPU.Build.0 = Ad-Hoc|iPhone
		{72B20FBD-ADBC-4A95-8872-FE06A2A49EE3}.Ad-Hoc|Any CPU.Deploy.0 = Ad-Hoc|iPhone
		{72B20FBD-ADBC-4A95-8872-FE06A2A49EE3}.Ad-Hoc|ARM.ActiveCfg = Ad-Hoc|iPhone
		{72B20FBD-ADBC-4A95-8872-FE06A2A49EE3}.Ad-Hoc|ARM.Build.0 = Ad-Hoc|iPhone
		{72B20FBD-ADBC-4A95-8872-FE06A2A49EE3}.Ad-Hoc|ARM.Deploy.0 = Ad-Hoc|iPhone
		{72B20FBD-ADBC-4A95-8872-FE06A2A49EE3}.Ad-Hoc|iPhone.ActiveCfg = Ad-Hoc|iPhone
		{72B20FBD-ADBC-4A95-8872-FE06A2A49EE3}.Ad-Hoc|iPhone.Build.0 = Ad-Hoc|iPhone
		{72B20FBD-ADBC-4A95-8872-FE06A2A49EE3}.Ad-Hoc|iPhone.Deploy.0 = Ad-Hoc|iPhone
		{72B20FBD-ADBC-4A95-8872-FE06A2A49EE3}.Ad-Hoc|iPhoneSimulator.ActiveCfg = Ad-Hoc|iPhoneSimulator
		{72B20FBD-ADBC-4A95-8872-FE06A2A49EE3}.Ad-Hoc|iPhoneSimulator.Build.0 = Ad-Hoc|iPhoneSimulator
		{72B20FBD-ADBC-4A95-8872-FE06A2A49EE3}.Ad-Hoc|iPhoneSimulator.Deploy.0 = Ad-Hoc|iPhoneSimulator
		{72B20FBD-ADBC-4A95-8872-FE06A2A49EE3}.Ad-Hoc|x64.ActiveCfg = Ad-Hoc|iPhone
		{72B20FBD-ADBC-4A95-8872-FE06A2A49EE3}.Ad-Hoc|x64.Build.0 = Ad-Hoc|iPhone
		{72B20FBD-ADBC-4A95-8872-FE06A2A49EE3}.Ad-Hoc|x64.Deploy.0 = Ad-Hoc|iPhone
		{72B20FBD-ADBC-4A95-8872-FE06A2A49EE3}.Ad-Hoc|x86.ActiveCfg = Ad-Hoc|iPhone
		{72B20FBD-ADBC-4A95-8872-FE06A2A49EE3}.Ad-Hoc|x86.Build.0 = Ad-Hoc|iPhone
		{72B20FBD-ADBC-4A95-8872-FE06A2A49EE3}.Ad-Hoc|x86.Deploy.0 = Ad-Hoc|iPhone
		{72B20FBD-ADBC-4A95-8872-FE06A2A49EE3}.AppStore|Any CPU.ActiveCfg = AppStore|iPhone
		{72B20FBD-ADBC-4A95-8872-FE06A2A49EE3}.AppStore|Any CPU.Build.0 = AppStore|iPhone
		{72B20FBD-ADBC-4A95-8872-FE06A2A49EE3}.AppStore|Any CPU.Deploy.0 = AppStore|iPhone
		{72B20FBD-ADBC-4A95-8872-FE06A2A49EE3}.AppStore|ARM.ActiveCfg = AppStore|iPhone
		{72B20FBD-ADBC-4A95-8872-FE06A2A49EE3}.AppStore|ARM.Build.0 = AppStore|iPhone
		{72B20FBD-ADBC-4A95-8872-FE06A2A49EE3}.AppStore|ARM.Deploy.0 = AppStore|iPhone
		{72B20FBD-ADBC-4A95-8872-FE06A2A49EE3}.AppStore|iPhone.ActiveCfg = AppStore|iPhone
		{72B20FBD-ADBC-4A95-8872-FE06A2A49EE3}.AppStore|iPhone.Build.0 = AppStore|iPhone
		{72B20FBD-ADBC-4A95-8872-FE06A2A49EE3}.AppStore|iPhone.Deploy.0 = AppStore|iPhone
		{72B20FBD-ADBC-4A95-8872-FE06A2A49EE3}.AppStore|iPhoneSimulator.ActiveCfg = AppStore|iPhoneSimulator
		{72B20FBD-ADBC-4A95-8872-FE06A2A49EE3}.AppStore|iPhoneSimulator.Build.0 = AppStore|iPhoneSimulator
		{72B20FBD-ADBC-4A95-8872-FE06A2A49EE3}.AppStore|iPhoneSimulator.Deploy.0 = AppStore|iPhoneSimulator
		{72B20FBD-ADBC-4A95-8872-FE06A2A49EE3}.AppStore|x64.ActiveCfg = AppStore|iPhone
		{72B20FBD-ADBC-4A95-8872-FE06A2A49EE3}.AppStore|x64.Build.0 = AppStore|iPhone
		{72B20FBD-ADBC-4A95-8872-FE06A2A49EE3}.AppStore|x64.Deploy.0 = AppStore|iPhone
		{72B20FBD-ADBC-4A95-8872-FE06A2A49EE3}.AppStore|x86.ActiveCfg = AppStore|iPhone
		{72B20FBD-ADBC-4A95-8872-FE06A2A49EE3}.AppStore|x86.Build.0 = AppStore|iPhone
		{72B20FBD-ADBC-4A95-8872-FE06A2A49EE3}.AppStore|x86.Deploy.0 = AppStore|iPhone
		{72B20FBD-ADBC-4A95-8872-FE06A2A49EE3}.Debug|Any CPU.ActiveCfg = Debug|iPhoneSimulator
		{72B20FBD-ADBC-4A95-8872-FE06A2A49EE3}.Debug|Any CPU.Build.0 = Debug|iPhoneSimulator
		{72B20FBD-ADBC-4A95-8872-FE06A2A49EE3}.Debug|Any CPU.Deploy.0 = Debug|iPhoneSimulator
		{72B20FBD-ADBC-4A95-8872-FE06A2A49EE3}.Debug|ARM.ActiveCfg = Debug|iPhone
		{72B20FBD-ADBC-4A95-8872-FE06A2A49EE3}.Debug|ARM.Build.0 = Debug|iPhone
		{72B20FBD-ADBC-4A95-8872-FE06A2A49EE3}.Debug|ARM.Deploy.0 = Debug|iPhone
		{72B20FBD-ADBC-4A95-8872-FE06A2A49EE3}.Debug|iPhone.ActiveCfg = Debug|iPhone
		{72B20FBD-ADBC-4A95-8872-FE06A2A49EE3}.Debug|iPhone.Build.0 = Debug|iPhone
		{72B20FBD-ADBC-4A95-8872-FE06A2A49EE3}.Debug|iPhone.Deploy.0 = Debug|iPhone
		{72B20FBD-ADBC-4A95-8872-FE06A2A49EE3}.Debug|iPhoneSimulator.ActiveCfg = Debug|iPhoneSimulator
		{72B20FBD-ADBC-4A95-8872-FE06A2A49EE3}.Debug|iPhoneSimulator.Build.0 = Debug|iPhoneSimulator
		{72B20FBD-ADBC-4A95-8872-FE06A2A49EE3}.Debug|iPhoneSimulator.Deploy.0 = Debug|iPhoneSimulator
		{72B20FBD-ADBC-4A95-8872-FE06A2A49EE3}.Debug|x64.ActiveCfg = Debug|iPhone
		{72B20FBD-ADBC-4A95-8872-FE06A2A49EE3}.Debug|x64.Build.0 = Debug|iPhone
		{72B20FBD-ADBC-4A95-8872-FE06A2A49EE3}.Debug|x64.Deploy.0 = Debug|iPhone
		{72B20FBD-ADBC-4A95-8872-FE06A2A49EE3}.Debug|x86.ActiveCfg = Debug|iPhone
		{72B20FBD-ADBC-4A95-8872-FE06A2A49EE3}.Debug|x86.Build.0 = Debug|iPhone
		{72B20FBD-ADBC-4A95-8872-FE06A2A49EE3}.Debug|x86.Deploy.0 = Debug|iPhone
		{72B20FBD-ADBC-4A95-8872-FE06A2A49EE3}.Release|Any CPU.ActiveCfg = Release|iPhone
		{72B20FBD-ADBC-4A95-8872-FE06A2A49EE3}.Release|Any CPU.Build.0 = Release|iPhone
		{72B20FBD-ADBC-4A95-8872-FE06A2A49EE3}.Release|Any CPU.Deploy.0 = Release|iPhone
		{72B20FBD-ADBC-4A95-8872-FE06A2A49EE3}.Release|ARM.ActiveCfg = Release|iPhone
		{72B20FBD-ADBC-4A95-8872-FE06A2A49EE3}.Release|ARM.Build.0 = Release|iPhone
		{72B20FBD-ADBC-4A95-8872-FE06A2A49EE3}.Release|ARM.Deploy.0 = Release|iPhone
		{72B20FBD-ADBC-4A95-8872-FE06A2A49EE3}.Release|iPhone.ActiveCfg = Release|iPhone
		{72B20FBD-ADBC-4A95-8872-FE06A2A49EE3}.Release|iPhone.Build.0 = Release|iPhone
		{72B20FBD-ADBC-4A95-8872-FE06A2A49EE3}.Release|iPhone.Deploy.0 = Release|iPhone
		{72B20FBD-ADBC-4A95-8872-FE06A2A49EE3}.Release|iPhoneSimulator.ActiveCfg = Release|iPhoneSimulator
		{72B20FBD-ADBC-4A95-8872-FE06A2A49EE3}.Release|iPhoneSimulator.Build.0 = Release|iPhoneSimulator
		{72B20FBD-ADBC-4A95-8872-FE06A2A49EE3}.Release|iPhoneSimulator.Deploy.0 = Release|iPhoneSimulator
		{72B20FBD-ADBC-4A95-8872-FE06A2A49EE3}.Release|x64.ActiveCfg = Release|iPhone
		{72B20FBD-ADBC-4A95-8872-FE06A2A49EE3}.Release|x64.Build.0 = Release|iPhone
		{72B20FBD-ADBC-4A95-8872-FE06A2A49EE3}.Release|x64.Deploy.0 = Release|iPhone
		{72B20FBD-ADBC-4A95-8872-FE06A2A49EE3}.Release|x86.ActiveCfg = Release|iPhone
		{72B20FBD-ADBC-4A95-8872-FE06A2A49EE3}.Release|x86.Build.0 = Release|iPhone
		{72B20FBD-ADBC-4A95-8872-FE06A2A49EE3}.Release|x86.Deploy.0 = Release|iPhone
		{7CD4B4A4-18F8-4B3A-812A-1DCB6CD3CCCD}.Ad-Hoc|Any CPU.ActiveCfg = Release|x86
		{7CD4B4A4-18F8-4B3A-812A-1DCB6CD3CCCD}.Ad-Hoc|Any CPU.Build.0 = Release|x86
		{7CD4B4A4-18F8-4B3A-812A-1DCB6CD3CCCD}.Ad-Hoc|Any CPU.Deploy.0 = Release|x86
		{7CD4B4A4-18F8-4B3A-812A-1DCB6CD3CCCD}.Ad-Hoc|ARM.ActiveCfg = Release|ARM
		{7CD4B4A4-18F8-4B3A-812A-1DCB6CD3CCCD}.Ad-Hoc|ARM.Build.0 = Release|ARM
		{7CD4B4A4-18F8-4B3A-812A-1DCB6CD3CCCD}.Ad-Hoc|ARM.Deploy.0 = Release|ARM
		{7CD4B4A4-18F8-4B3A-812A-1DCB6CD3CCCD}.Ad-Hoc|iPhone.ActiveCfg = Release|x86
		{7CD4B4A4-18F8-4B3A-812A-1DCB6CD3CCCD}.Ad-Hoc|iPhone.Build.0 = Release|x86
		{7CD4B4A4-18F8-4B3A-812A-1DCB6CD3CCCD}.Ad-Hoc|iPhone.Deploy.0 = Release|x86
		{7CD4B4A4-18F8-4B3A-812A-1DCB6CD3CCCD}.Ad-Hoc|iPhoneSimulator.ActiveCfg = Release|x86
		{7CD4B4A4-18F8-4B3A-812A-1DCB6CD3CCCD}.Ad-Hoc|iPhoneSimulator.Build.0 = Release|x86
		{7CD4B4A4-18F8-4B3A-812A-1DCB6CD3CCCD}.Ad-Hoc|iPhoneSimulator.Deploy.0 = Release|x86
		{7CD4B4A4-18F8-4B3A-812A-1DCB6CD3CCCD}.Ad-Hoc|x64.ActiveCfg = Release|x64
		{7CD4B4A4-18F8-4B3A-812A-1DCB6CD3CCCD}.Ad-Hoc|x64.Build.0 = Release|x64
		{7CD4B4A4-18F8-4B3A-812A-1DCB6CD3CCCD}.Ad-Hoc|x64.Deploy.0 = Release|x64
		{7CD4B4A4-18F8-4B3A-812A-1DCB6CD3CCCD}.Ad-Hoc|x86.ActiveCfg = Release|x86
		{7CD4B4A4-18F8-4B3A-812A-1DCB6CD3CCCD}.Ad-Hoc|x86.Build.0 = Release|x86
		{7CD4B4A4-18F8-4B3A-812A-1DCB6CD3CCCD}.Ad-Hoc|x86.Deploy.0 = Release|x86
		{7CD4B4A4-18F8-4B3A-812A-1DCB6CD3CCCD}.AppStore|Any CPU.ActiveCfg = Release|x86
		{7CD4B4A4-18F8-4B3A-812A-1DCB6CD3CCCD}.AppStore|Any CPU.Build.0 = Release|x86
		{7CD4B4A4-18F8-4B3A-812A-1DCB6CD3CCCD}.AppStore|Any CPU.Deploy.0 = Release|x86
		{7CD4B4A4-18F8-4B3A-812A-1DCB6CD3CCCD}.AppStore|ARM.ActiveCfg = Release|ARM
		{7CD4B4A4-18F8-4B3A-812A-1DCB6CD3CCCD}.AppStore|ARM.Build.0 = Release|ARM
		{7CD4B4A4-18F8-4B3A-812A-1DCB6CD3CCCD}.AppStore|ARM.Deploy.0 = Release|ARM
		{7CD4B4A4-18F8-4B3A-812A-1DCB6CD3CCCD}.AppStore|iPhone.ActiveCfg = Release|x86
		{7CD4B4A4-18F8-4B3A-812A-1DCB6CD3CCCD}.AppStore|iPhone.Build.0 = Release|x86
		{7CD4B4A4-18F8-4B3A-812A-1DCB6CD3CCCD}.AppStore|iPhone.Deploy.0 = Release|x86
		{7CD4B4A4-18F8-4B3A-812A-1DCB6CD3CCCD}.AppStore|iPhoneSimulator.ActiveCfg = Release|x86
		{7CD4B4A4-18F8-4B3A-812A-1DCB6CD3CCCD}.AppStore|iPhoneSimulator.Build.0 = Release|x86
		{7CD4B4A4-18F8-4B3A-812A-1DCB6CD3CCCD}.AppStore|iPhoneSimulator.Deploy.0 = Release|x86
		{7CD4B4A4-18F8-4B3A-812A-1DCB6CD3CCCD}.AppStore|x64.ActiveCfg = Release|x64
		{7CD4B4A4-18F8-4B3A-812A-1DCB6CD3CCCD}.AppStore|x64.Build.0 = Release|x64
		{7CD4B4A4-18F8-4B3A-812A-1DCB6CD3CCCD}.AppStore|x64.Deploy.0 = Release|x64
		{7CD4B4A4-18F8-4B3A-812A-1DCB6CD3CCCD}.AppStore|x86.ActiveCfg = Release|x86
		{7CD4B4A4-18F8-4B3A-812A-1DCB6CD3CCCD}.AppStore|x86.Build.0 = Release|x86
		{7CD4B4A4-18F8-4B3A-812A-1DCB6CD3CCCD}.AppStore|x86.Deploy.0 = Release|x86
		{7CD4B4A4-18F8-4B3A-812A-1DCB6CD3CCCD}.Debug|Any CPU.ActiveCfg = Debug|x86
		{7CD4B4A4-18F8-4B3A-812A-1DCB6CD3CCCD}.Debug|Any CPU.Build.0 = Debug|x86
		{7CD4B4A4-18F8-4B3A-812A-1DCB6CD3CCCD}.Debug|Any CPU.Deploy.0 = Debug|x86
		{7CD4B4A4-18F8-4B3A-812A-1DCB6CD3CCCD}.Debug|ARM.ActiveCfg = Debug|ARM
		{7CD4B4A4-18F8-4B3A-812A-1DCB6CD3CCCD}.Debug|ARM.Build.0 = Debug|ARM
		{7CD4B4A4-18F8-4B3A-812A-1DCB6CD3CCCD}.Debug|ARM.Deploy.0 = Debug|ARM
		{7CD4B4A4-18F8-4B3A-812A-1DCB6CD3CCCD}.Debug|iPhone.ActiveCfg = Debug|x86
		{7CD4B4A4-18F8-4B3A-812A-1DCB6CD3CCCD}.Debug|iPhone.Build.0 = Debug|x86
		{7CD4B4A4-18F8-4B3A-812A-1DCB6CD3CCCD}.Debug|iPhone.Deploy.0 = Debug|x86
		{7CD4B4A4-18F8-4B3A-812A-1DCB6CD3CCCD}.Debug|iPhoneSimulator.ActiveCfg = Debug|x86
		{7CD4B4A4-18F8-4B3A-812A-1DCB6CD3CCCD}.Debug|iPhoneSimulator.Build.0 = Debug|x86
		{7CD4B4A4-18F8-4B3A-812A-1DCB6CD3CCCD}.Debug|iPhoneSimulator.Deploy.0 = Debug|x86
		{7CD4B4A4-18F8-4B3A-812A-1DCB6CD3CCCD}.Debug|x64.ActiveCfg = Debug|x64
		{7CD4B4A4-18F8-4B3A-812A-1DCB6CD3CCCD}.Debug|x64.Build.0 = Debug|x64
		{7CD4B4A4-18F8-4B3A-812A-1DCB6CD3CCCD}.Debug|x64.Deploy.0 = Debug|x64
		{7CD4B4A4-18F8-4B3A-812A-1DCB6CD3CCCD}.Debug|x86.ActiveCfg = Debug|x86
		{7CD4B4A4-18F8-4B3A-812A-1DCB6CD3CCCD}.Debug|x86.Build.0 = Debug|x86
		{7CD4B4A4-18F8-4B3A-812A-1DCB6CD3CCCD}.Debug|x86.Deploy.0 = Debug|x86
		{7CD4B4A4-18F8-4B3A-812A-1DCB6CD3CCCD}.Release|Any CPU.ActiveCfg = Release|x86
		{7CD4B4A4-18F8-4B3A-812A-1DCB6CD3CCCD}.Release|Any CPU.Build.0 = Release|x86
		{7CD4B4A4-18F8-4B3A-812A-1DCB6CD3CCCD}.Release|Any CPU.Deploy.0 = Release|x86
		{7CD4B4A4-18F8-4B3A-812A-1DCB6CD3CCCD}.Release|ARM.ActiveCfg = Release|ARM
		{7CD4B4A4-18F8-4B3A-812A-1DCB6CD3CCCD}.Release|ARM.Build.0 = Release|ARM
		{7CD4B4A4-18F8-4B3A-812A-1DCB6CD3CCCD}.Release|ARM.Deploy.0 = Release|ARM
		{7CD4B4A4-18F8-4B3A-812A-1DCB6CD3CCCD}.Release|iPhone.ActiveCfg = Release|x86
		{7CD4B4A4-18F8-4B3A-812A-1DCB6CD3CCCD}.Release|iPhone.Build.0 = Release|x86
		{7CD4B4A4-18F8-4B3A-812A-1DCB6CD3CCCD}.Release|iPhone.Deploy.0 = Release|x86
		{7CD4B4A4-18F8-4B3A-812A-1DCB6CD3CCCD}.Release|iPhoneSimulator.ActiveCfg = Release|x86
		{7CD4B4A4-18F8-4B3A-812A-1DCB6CD3CCCD}.Release|iPhoneSimulator.Build.0 = Release|x86
		{7CD4B4A4-18F8-4B3A-812A-1DCB6CD3CCCD}.Release|iPhoneSimulator.Deploy.0 = Release|x86
		{7CD4B4A4-18F8-4B3A-812A-1DCB6CD3CCCD}.Release|x64.ActiveCfg = Release|x64
		{7CD4B4A4-18F8-4B3A-812A-1DCB6CD3CCCD}.Release|x64.Build.0 = Release|x64
		{7CD4B4A4-18F8-4B3A-812A-1DCB6CD3CCCD}.Release|x64.Deploy.0 = Release|x64
		{7CD4B4A4-18F8-4B3A-812A-1DCB6CD3CCCD}.Release|x86.ActiveCfg = Release|x86
		{7CD4B4A4-18F8-4B3A-812A-1DCB6CD3CCCD}.Release|x86.Build.0 = Release|x86
		{7CD4B4A4-18F8-4B3A-812A-1DCB6CD3CCCD}.Release|x86.Deploy.0 = Release|x86
		{DAE7CE2C-FBED-4155-94AD-CE302C89C2FF}.Ad-Hoc|Any CPU.ActiveCfg = Debug|Any CPU
		{DAE7CE2C-FBED-4155-94AD-CE302C89C2FF}.Ad-Hoc|Any CPU.Build.0 = Debug|Any CPU
		{DAE7CE2C-FBED-4155-94AD-CE302C89C2FF}.Ad-Hoc|Any CPU.Deploy.0 = Debug|Any CPU
		{DAE7CE2C-FBED-4155-94AD-CE302C89C2FF}.Ad-Hoc|ARM.ActiveCfg = Debug|Any CPU
		{DAE7CE2C-FBED-4155-94AD-CE302C89C2FF}.Ad-Hoc|ARM.Build.0 = Debug|Any CPU
		{DAE7CE2C-FBED-4155-94AD-CE302C89C2FF}.Ad-Hoc|ARM.Deploy.0 = Debug|Any CPU
		{DAE7CE2C-FBED-4155-94AD-CE302C89C2FF}.Ad-Hoc|iPhone.ActiveCfg = Debug|Any CPU
		{DAE7CE2C-FBED-4155-94AD-CE302C89C2FF}.Ad-Hoc|iPhone.Build.0 = Debug|Any CPU
		{DAE7CE2C-FBED-4155-94AD-CE302C89C2FF}.Ad-Hoc|iPhone.Deploy.0 = Debug|Any CPU
		{DAE7CE2C-FBED-4155-94AD-CE302C89C2FF}.Ad-Hoc|iPhoneSimulator.ActiveCfg = Debug|Any CPU
		{DAE7CE2C-FBED-4155-94AD-CE302C89C2FF}.Ad-Hoc|iPhoneSimulator.Build.0 = Debug|Any CPU
		{DAE7CE2C-FBED-4155-94AD-CE302C89C2FF}.Ad-Hoc|iPhoneSimulator.Deploy.0 = Debug|Any CPU
		{DAE7CE2C-FBED-4155-94AD-CE302C89C2FF}.Ad-Hoc|x64.ActiveCfg = Debug|Any CPU
		{DAE7CE2C-FBED-4155-94AD-CE302C89C2FF}.Ad-Hoc|x64.Build.0 = Debug|Any CPU
		{DAE7CE2C-FBED-4155-94AD-CE302C89C2FF}.Ad-Hoc|x64.Deploy.0 = Debug|Any CPU
		{DAE7CE2C-FBED-4155-94AD-CE302C89C2FF}.Ad-Hoc|x86.ActiveCfg = Debug|Any CPU
		{DAE7CE2C-FBED-4155-94AD-CE302C89C2FF}.Ad-Hoc|x86.Build.0 = Debug|Any CPU
		{DAE7CE2C-FBED-4155-94AD-CE302C89C2FF}.Ad-Hoc|x86.Deploy.0 = Debug|Any CPU
		{DAE7CE2C-FBED-4155-94AD-CE302C89C2FF}.AppStore|Any CPU.ActiveCfg = Debug|Any CPU
		{DAE7CE2C-FBED-4155-94AD-CE302C89C2FF}.AppStore|Any CPU.Build.0 = Debug|Any CPU
		{DAE7CE2C-FBED-4155-94AD-CE302C89C2FF}.AppStore|Any CPU.Deploy.0 = Debug|Any CPU
		{DAE7CE2C-FBED-4155-94AD-CE302C89C2FF}.AppStore|ARM.ActiveCfg = Debug|Any CPU
		{DAE7CE2C-FBED-4155-94AD-CE302C89C2FF}.AppStore|ARM.Build.0 = Debug|Any CPU
		{DAE7CE2C-FBED-4155-94AD-CE302C89C2FF}.AppStore|ARM.Deploy.0 = Debug|Any CPU
		{DAE7CE2C-FBED-4155-94AD-CE302C89C2FF}.AppStore|iPhone.ActiveCfg = Debug|Any CPU
		{DAE7CE2C-FBED-4155-94AD-CE302C89C2FF}.AppStore|iPhone.Build.0 = Debug|Any CPU
		{DAE7CE2C-FBED-4155-94AD-CE302C89C2FF}.AppStore|iPhone.Deploy.0 = Debug|Any CPU
		{DAE7CE2C-FBED-4155-94AD-CE302C89C2FF}.AppStore|iPhoneSimulator.ActiveCfg = Debug|Any CPU
		{DAE7CE2C-FBED-4155-94AD-CE302C89C2FF}.AppStore|iPhoneSimulator.Build.0 = Debug|Any CPU
		{DAE7CE2C-FBED-4155-94AD-CE302C89C2FF}.AppStore|iPhoneSimulator.Deploy.0 = Debug|Any CPU
		{DAE7CE2C-FBED-4155-94AD-CE302C89C2FF}.AppStore|x64.ActiveCfg = Debug|Any CPU
		{DAE7CE2C-FBED-4155-94AD-CE302C89C2FF}.AppStore|x64.Build.0 = Debug|Any CPU
		{DAE7CE2C-FBED-4155-94AD-CE302C89C2FF}.AppStore|x64.Deploy.0 = Debug|Any CPU
		{DAE7CE2C-FBED-4155-94AD-CE302C89C2FF}.AppStore|x86.ActiveCfg = Debug|Any CPU
		{DAE7CE2C-FBED-4155-94AD-CE302C89C2FF}.AppStore|x86.Build.0 = Debug|Any CPU
		{DAE7CE2C-FBED-4155-94AD-CE302C89C2FF}.AppStore|x86.Deploy.0 = Debug|Any CPU
		{DAE7CE2C-FBED-4155-94AD-CE302C89C2FF}.Debug|Any CPU.ActiveCfg = Debug|Any CPU
		{DAE7CE2C-FBED-4155-94AD-CE302C89C2FF}.Debug|Any CPU.Build.0 = Debug|Any CPU
		{DAE7CE2C-FBED-4155-94AD-CE302C89C2FF}.Debug|Any CPU.Deploy.0 = Debug|Any CPU
		{DAE7CE2C-FBED-4155-94AD-CE302C89C2FF}.Debug|ARM.ActiveCfg = Debug|Any CPU
		{DAE7CE2C-FBED-4155-94AD-CE302C89C2FF}.Debug|ARM.Build.0 = Debug|Any CPU
		{DAE7CE2C-FBED-4155-94AD-CE302C89C2FF}.Debug|ARM.Deploy.0 = Debug|Any CPU
		{DAE7CE2C-FBED-4155-94AD-CE302C89C2FF}.Debug|iPhone.ActiveCfg = Debug|Any CPU
		{DAE7CE2C-FBED-4155-94AD-CE302C89C2FF}.Debug|iPhone.Build.0 = Debug|Any CPU
		{DAE7CE2C-FBED-4155-94AD-CE302C89C2FF}.Debug|iPhone.Deploy.0 = Debug|Any CPU
		{DAE7CE2C-FBED-4155-94AD-CE302C89C2FF}.Debug|iPhoneSimulator.ActiveCfg = Debug|Any CPU
		{DAE7CE2C-FBED-4155-94AD-CE302C89C2FF}.Debug|iPhoneSimulator.Build.0 = Debug|Any CPU
		{DAE7CE2C-FBED-4155-94AD-CE302C89C2FF}.Debug|iPhoneSimulator.Deploy.0 = Debug|Any CPU
		{DAE7CE2C-FBED-4155-94AD-CE302C89C2FF}.Debug|x64.ActiveCfg = Debug|Any CPU
		{DAE7CE2C-FBED-4155-94AD-CE302C89C2FF}.Debug|x64.Build.0 = Debug|Any CPU
		{DAE7CE2C-FBED-4155-94AD-CE302C89C2FF}.Debug|x64.Deploy.0 = Debug|Any CPU
		{DAE7CE2C-FBED-4155-94AD-CE302C89C2FF}.Debug|x86.ActiveCfg = Debug|Any CPU
		{DAE7CE2C-FBED-4155-94AD-CE302C89C2FF}.Debug|x86.Build.0 = Debug|Any CPU
		{DAE7CE2C-FBED-4155-94AD-CE302C89C2FF}.Debug|x86.Deploy.0 = Debug|Any CPU
		{DAE7CE2C-FBED-4155-94AD-CE302C89C2FF}.Release|Any CPU.ActiveCfg = Release|Any CPU
		{DAE7CE2C-FBED-4155-94AD-CE302C89C2FF}.Release|Any CPU.Build.0 = Release|Any CPU
		{DAE7CE2C-FBED-4155-94AD-CE302C89C2FF}.Release|Any CPU.Deploy.0 = Release|Any CPU
		{DAE7CE2C-FBED-4155-94AD-CE302C89C2FF}.Release|ARM.ActiveCfg = Release|Any CPU
		{DAE7CE2C-FBED-4155-94AD-CE302C89C2FF}.Release|ARM.Build.0 = Release|Any CPU
		{DAE7CE2C-FBED-4155-94AD-CE302C89C2FF}.Release|ARM.Deploy.0 = Release|Any CPU
		{DAE7CE2C-FBED-4155-94AD-CE302C89C2FF}.Release|iPhone.ActiveCfg = Release|Any CPU
		{DAE7CE2C-FBED-4155-94AD-CE302C89C2FF}.Release|iPhone.Build.0 = Release|Any CPU
		{DAE7CE2C-FBED-4155-94AD-CE302C89C2FF}.Release|iPhone.Deploy.0 = Release|Any CPU
		{DAE7CE2C-FBED-4155-94AD-CE302C89C2FF}.Release|iPhoneSimulator.ActiveCfg = Release|Any CPU
		{DAE7CE2C-FBED-4155-94AD-CE302C89C2FF}.Release|iPhoneSimulator.Build.0 = Release|Any CPU
		{DAE7CE2C-FBED-4155-94AD-CE302C89C2FF}.Release|iPhoneSimulator.Deploy.0 = Release|Any CPU
		{DAE7CE2C-FBED-4155-94AD-CE302C89C2FF}.Release|x64.ActiveCfg = Release|Any CPU
		{DAE7CE2C-FBED-4155-94AD-CE302C89C2FF}.Release|x64.Build.0 = Release|Any CPU
		{DAE7CE2C-FBED-4155-94AD-CE302C89C2FF}.Release|x64.Deploy.0 = Release|Any CPU
		{DAE7CE2C-FBED-4155-94AD-CE302C89C2FF}.Release|x86.ActiveCfg = Release|Any CPU
		{DAE7CE2C-FBED-4155-94AD-CE302C89C2FF}.Release|x86.Build.0 = Release|Any CPU
		{DAE7CE2C-FBED-4155-94AD-CE302C89C2FF}.Release|x86.Deploy.0 = Release|Any CPU
	EndGlobalSection
	GlobalSection(SolutionProperties) = preSolution
		HideSolutionNode = FALSE
	EndGlobalSection
	GlobalSection(ExtensibilityGlobals) = postSolution
		SolutionGuid = {72AEA62E-099F-44C2-8CD1-F616058CF372}
	EndGlobalSection
EndGlobal
